
Microsoft Visual Studio Solution File, Format Version 12.00
# Visual Studio Version 17
VisualStudioVersion = 17.3.32929.385
MinimumVisualStudioVersion = 10.0.40219.1
Project("{FAE04EC0-301F-11D3-BF4B-00C04F79EFBC}") = "StokTakipOtomasyon", "StokTakipOtomasyon\StokTakipOtomasyon.csproj", "{316B52B9-D50E-408C-91A3-637A93E05860}"
EndProject
Global
	GlobalSection(SolutionConfigurationPlatforms) = preSolution
		Debug|Any CPU = Debug|Any CPU
		Release|Any CPU = Release|Any CPU
	EndGlobalSection
	GlobalSection(ProjectConfigurationPlatforms) = postSolution
		{316B52B9-D50E-408C-91A3-637A93E05860}.Debug|Any CPU.ActiveCfg = Debug|Any CPU
		{316B52B9-D50E-408C-91A3-637A93E05860}.Debug|Any CPU.Build.0 = Debug|Any CPU
		{316B52B9-D50E-408C-91A3-637A93E05860}.Release|Any CPU.ActiveCfg = Release|Any CPU
		{316B52B9-D50E-408C-91A3-637A93E05860}.Release|Any CPU.Build.0 = Release|Any CPU
	EndGlobalSection
	GlobalSection(SolutionProperties) = preSolution
		HideSolutionNode = FALSE
	EndGlobalSection
	GlobalSection(ExtensibilityGlobals) = postSolution
		SolutionGuid = {A37A5F45-DD95-4577-B6B0-71D5F99F1D79}
	EndGlobalSection
EndGlobal
